
Microsoft Visual Studio Solution File, Format Version 12.00
# Visual Studio Version 17
VisualStudioVersion = 17.2.32516.85
MinimumVisualStudioVersion = 10.0.40219.1
Project("{9A19103F-16F7-4668-BE54-9A1E7A4F7556}") = "DeadArtistsWASM.Server", "DeadArtistsWASM\Server\DeadArtistsWASM.Server.csproj", "{80EB06BA-3A6A-4C09-AF63-A58FEFC9929E}"
EndProject
Project("{9A19103F-16F7-4668-BE54-9A1E7A4F7556}") = "DeadArtistsWASM.Client", "DeadArtistsWASM\Client\DeadArtistsWASM.Client.csproj", "{E9EC35CF-FDD2-4F21-8B20-5D80C855F10B}"
EndProject
Project("{9A19103F-16F7-4668-BE54-9A1E7A4F7556}") = "DeadArtistsWASM.Shared", "DeadArtistsWASM\Shared\DeadArtistsWASM.Shared.csproj", "{737A6145-9C55-4053-8AA0-B2EBC54C0994}"
EndProject
Global
	GlobalSection(SolutionConfigurationPlatforms) = preSolution
		Debug|Any CPU = Debug|Any CPU
		Release|Any CPU = Release|Any CPU
	EndGlobalSection
	GlobalSection(ProjectConfigurationPlatforms) = postSolution
		{80EB06BA-3A6A-4C09-AF63-A58FEFC9929E}.Debug|Any CPU.ActiveCfg = Debug|Any CPU
		{80EB06BA-3A6A-4C09-AF63-A58FEFC9929E}.Debug|Any CPU.Build.0 = Debug|Any CPU
		{80EB06BA-3A6A-4C09-AF63-A58FEFC9929E}.Release|Any CPU.ActiveCfg = Release|Any CPU
		{80EB06BA-3A6A-4C09-AF63-A58FEFC9929E}.Release|Any CPU.Build.0 = Release|Any CPU
		{E9EC35CF-FDD2-4F21-8B20-5D80C855F10B}.Debug|Any CPU.ActiveCfg = Debug|Any CPU
		{E9EC35CF-FDD2-4F21-8B20-5D80C855F10B}.Debug|Any CPU.Build.0 = Debug|Any CPU
		{E9EC35CF-FDD2-4F21-8B20-5D80C855F10B}.Release|Any CPU.ActiveCfg = Release|Any CPU
		{E9EC35CF-FDD2-4F21-8B20-5D80C855F10B}.Release|Any CPU.Build.0 = Release|Any CPU
		{737A6145-9C55-4053-8AA0-B2EBC54C0994}.Debug|Any CPU.ActiveCfg = Debug|Any CPU
		{737A6145-9C55-4053-8AA0-B2EBC54C0994}.Debug|Any CPU.Build.0 = Debug|Any CPU
		{737A6145-9C55-4053-8AA0-B2EBC54C0994}.Release|Any CPU.ActiveCfg = Release|Any CPU
		{737A6145-9C55-4053-8AA0-B2EBC54C0994}.Release|Any CPU.Build.0 = Release|Any CPU
	EndGlobalSection
	GlobalSection(SolutionProperties) = preSolution
		HideSolutionNode = FALSE
	EndGlobalSection
	GlobalSection(ExtensibilityGlobals) = postSolution
		SolutionGuid = {5ED211B2-EA9C-4272-9BD7-061791699592}
	EndGlobalSection
EndGlobal
